
Microsoft Visual Studio Solution File, Format Version 12.00
# Visual Studio Version 17
VisualStudioVersion = 17.8.34309.116
MinimumVisualStudioVersion = 10.0.40219.1
Project("{FAE04EC0-301F-11D3-BF4B-00C04F79EFBC}") = "Teacher_Mng", "Teacher_Mng\Teacher_Mng.csproj", "{40177518-F682-43D7-987F-F6335D0134EA}"
EndProject
Global
	GlobalSection(SolutionConfigurationPlatforms) = preSolution
		Debug|Any CPU = Debug|Any CPU
		Release|Any CPU = Release|Any CPU
	EndGlobalSection
	GlobalSection(ProjectConfigurationPlatforms) = postSolution
		{40177518-F682-43D7-987F-F6335D0134EA}.Debug|Any CPU.ActiveCfg = Debug|Any CPU
		{40177518-F682-43D7-987F-F6335D0134EA}.Debug|Any CPU.Build.0 = Debug|Any CPU
		{40177518-F682-43D7-987F-F6335D0134EA}.Release|Any CPU.ActiveCfg = Release|Any CPU
		{40177518-F682-43D7-987F-F6335D0134EA}.Release|Any CPU.Build.0 = Release|Any CPU
	EndGlobalSection
	GlobalSection(SolutionProperties) = preSolution
		HideSolutionNode = FALSE
	EndGlobalSection
	GlobalSection(ExtensibilityGlobals) = postSolution
		SolutionGuid = {08D85E55-C4D7-4F20-A890-693FD04F8040}
	EndGlobalSection
EndGlobal
